{
  "name": "solid-checker",
  "version": "0.1.0",
  "lockfileVersion": 3,
  "requires": true,
  "packages": {
    "": {
      "name": "solid-checker",
      "version": "0.1.0",
      "license": "MIT",
      "bin": {
        "solid-check": "bin/solid-check.mjs",
        "solid-checkd": "bin/solid-checkd.mjs"
      },
      "engines": {
        "node": ">=20"
      }
    }
  }
}
