{
  "name": "solid-check",
  "version": "0.0.0",
  "lockfileVersion": 3,
  "requires": true,
  "packages": {
    "": {
      "name": "solid-check",
      "version": "0.0.0",
      "license": "MIT",
      "dependencies": {
        "eslint-plugin-solid-check": "file:../eslint-plugin-solid-check"
      },
      "bin": {
        "solid-check": "bin/solid-check.mjs"
      },
      "engines": {
        "node": ">=20"
      }
    },
    "../eslint-plugin-solid-check": {
      "version": "0.0.0",
      "peerDependencies": {
        "eslint": "^9.0.0 || ^10.0.0"
      },
      "peerDependenciesMeta": {
        "eslint": {
          "optional": true
        }
      }
    },
    "node_modules/eslint-plugin-solid-check": {
      "resolved": "../eslint-plugin-solid-check",
      "link": true
    }
  }
}
